
Microsoft Visual Studio Solution File, Format Version 12.00
# Visual Studio 15
VisualStudioVersion = 15.0.27004.2005
MinimumVisualStudioVersion = 10.0.40219.1
Project("{8BC9CEB8-8B4A-11D0-8D11-00A0C91BC942}") = "Subterfuge", "Subterfuge\Subterfuge.vcxproj", "{CBA85CB8-0C44-490A-931B-F83D0B8FE6BD}"
EndProject
Global
	GlobalSection(SolutionConfigurationPlatforms) = preSolution
		Debug|x64 = Debug|x64
		Debug|x86 = Debug|x86
		Release|x64 = Release|x64
		Release|x86 = Release|x86
	EndGlobalSection
	GlobalSection(ProjectConfigurationPlatforms) = postSolution
		{CBA85CB8-0C44-490A-931B-F83D0B8FE6BD}.Debug|x64.ActiveCfg = Debug|x64
		{CBA85CB8-0C44-490A-931B-F83D0B8FE6BD}.Debug|x64.Build.0 = Debug|x64
		{CBA85CB8-0C44-490A-931B-F83D0B8FE6BD}.Debug|x86.ActiveCfg = Debug|Win32
		{CBA85CB8-0C44-490A-931B-F83D0B8FE6BD}.Debug|x86.Build.0 = Debug|Win32
		{CBA85CB8-0C44-490A-931B-F83D0B8FE6BD}.Release|x64.ActiveCfg = Release|x64
		{CBA85CB8-0C44-490A-931B-F83D0B8FE6BD}.Release|x64.Build.0 = Release|x64
		{CBA85CB8-0C44-490A-931B-F83D0B8FE6BD}.Release|x86.ActiveCfg = Release|Win32
		{CBA85CB8-0C44-490A-931B-F83D0B8FE6BD}.Release|x86.Build.0 = Release|Win32
	EndGlobalSection
	GlobalSection(SolutionProperties) = preSolution
		HideSolutionNode = FALSE
	EndGlobalSection
	GlobalSection(ExtensibilityGlobals) = postSolution
		SolutionGuid = {2F4AD1A5-6D00-4FBE-8A9C-0A374312C04C}
	EndGlobalSection
EndGlobal
